
Microsoft Visual Studio Solution File, Format Version 12.00
# Visual Studio 15
VisualStudioVersion = 15.0.33026.149
MinimumVisualStudioVersion = 10.0.40219.1
Project("{8BC9CEB8-8B4A-11D0-8D11-00A0C91BC942}") = "22120152", "22120152\22120152.vcxproj", "{3B122ED1-A499-455E-9CA1-2DBC3E2EABA1}"
EndProject
Global
	GlobalSection(SolutionConfigurationPlatforms) = preSolution
		Debug|x64 = Debug|x64
		Debug|x86 = Debug|x86
		Release|x64 = Release|x64
		Release|x86 = Release|x86
	EndGlobalSection
	GlobalSection(ProjectConfigurationPlatforms) = postSolution
		{3B122ED1-A499-455E-9CA1-2DBC3E2EABA1}.Debug|x64.ActiveCfg = Debug|x64
		{3B122ED1-A499-455E-9CA1-2DBC3E2EABA1}.Debug|x64.Build.0 = Debug|x64
		{3B122ED1-A499-455E-9CA1-2DBC3E2EABA1}.Debug|x86.ActiveCfg = Debug|Win32
		{3B122ED1-A499-455E-9CA1-2DBC3E2EABA1}.Debug|x86.Build.0 = Debug|Win32
		{3B122ED1-A499-455E-9CA1-2DBC3E2EABA1}.Release|x64.ActiveCfg = Release|x64
		{3B122ED1-A499-455E-9CA1-2DBC3E2EABA1}.Release|x64.Build.0 = Release|x64
		{3B122ED1-A499-455E-9CA1-2DBC3E2EABA1}.Release|x86.ActiveCfg = Release|Win32
		{3B122ED1-A499-455E-9CA1-2DBC3E2EABA1}.Release|x86.Build.0 = Release|Win32
	EndGlobalSection
	GlobalSection(SolutionProperties) = preSolution
		HideSolutionNode = FALSE
	EndGlobalSection
	GlobalSection(ExtensibilityGlobals) = postSolution
		SolutionGuid = {4D7D80F2-EDBA-43F5-BE5D-3E5CB56B3811}
	EndGlobalSection
EndGlobal
